{
  "name": "jsclient",
  "version": "1.0.0",
  "lockfileVersion": 1,
  "requires": true,
  "dependencies": {
    "node-xmlrpc": {
      "version": "1.3.3",
      "resolved": "https://registry.npmjs.org/node-xmlrpc/-/node-xmlrpc-1.3.3.tgz",
      "integrity": "sha512-kEo3m+KWUhr1UlwcLwD4jOC6uw9+eV8qugm0RTyERGi0jwNPGbMES3kOFHfOE8R6eopWitSuKuNfQeuZXcH0iA==",
      "requires": {
        "sax": "1.2.x",
        "xmlbuilder": "8.2.x"
      }
    },
    "sax": {
      "version": "1.2.4",
      "resolved": "https://registry.npmjs.org/sax/-/sax-1.2.4.tgz",
      "integrity": "sha512-NqVDv9TpANUjFm0N8uM5GxL36UgKi9/atZw+x7YFnQ8ckwFGKrl4xX4yWtrey3UJm5nP1kUbnYgLopqWNSRhWw=="
    },
    "xmlbuilder": {
      "version": "8.2.2",
      "resolved": "https://registry.npmjs.org/xmlbuilder/-/xmlbuilder-8.2.2.tgz",
      "integrity": "sha512-eKRAFz04jghooy8muekqzo8uCSVNeyRedbuJrp0fovbLIi7wlsYtdUn3vBAAPq2Y3/0xMz2WMEUQ8yhVVO9Stw=="
    }
  }
}
